
Microsoft Visual Studio Solution File, Format Version 12.00
# Visual Studio Version 17
VisualStudioVersion = 17.2.32519.379
MinimumVisualStudioVersion = 10.0.40219.1
Project("{FAE04EC0-301F-11D3-BF4B-00C04F79EFBC}") = "BigCG", "BigCG\BigCG.csproj", "{CD997366-62A4-4276-87CE-397C28C98640}"
EndProject
Global
	GlobalSection(SolutionConfigurationPlatforms) = preSolution
		Debug|Any CPU = Debug|Any CPU
		Release|Any CPU = Release|Any CPU
	EndGlobalSection
	GlobalSection(ProjectConfigurationPlatforms) = postSolution
		{CD997366-62A4-4276-87CE-397C28C98640}.Debug|Any CPU.ActiveCfg = Debug|Any CPU
		{CD997366-62A4-4276-87CE-397C28C98640}.Debug|Any CPU.Build.0 = Debug|Any CPU
		{CD997366-62A4-4276-87CE-397C28C98640}.Release|Any CPU.ActiveCfg = Release|Any CPU
		{CD997366-62A4-4276-87CE-397C28C98640}.Release|Any CPU.Build.0 = Release|Any CPU
	EndGlobalSection
	GlobalSection(SolutionProperties) = preSolution
		HideSolutionNode = FALSE
	EndGlobalSection
	GlobalSection(ExtensibilityGlobals) = postSolution
		SolutionGuid = {26FBAA77-0C47-4DB4-A259-3F5616603B1F}
	EndGlobalSection
EndGlobal
